// !$*UTF8*$!
{
	archiveVersion = 1;
	classes = {
	};
	objectVersion = 50;
	objects = {

/* Begin PBXBuildFile section */
		A8F17F34235DBB2F0021E6B6 /* multArray.dylib in Frameworks */ = {isa = PBXBuildFile; fileRef = A8F17F32235DBB2F0021E6B6 /* multArray.dylib */; };
		A8F17F35235DBB2F0021E6B6 /* reverseArray.dylib in Frameworks */ = {isa = PBXBuildFile; fileRef = A8F17F33235DBB2F0021E6B6 /* reverseArray.dylib */; };
		A8FC6D5D23531B5D000ED6DF /* AppDelegate.swift in Sources */ = {isa = PBXBuildFile; fileRef = A8FC6D5C23531B5D000ED6DF /* AppDelegate.swift */; };
		A8FC6D5F23531B5D000ED6DF /* ViewController.swift in Sources */ = {isa = PBXBuildFile; fileRef = A8FC6D5E23531B5D000ED6DF /* ViewController.swift */; };
		A8FC6D6123531B5F000ED6DF /* Assets.xcassets in Resources */ = {isa = PBXBuildFile; fileRef = A8FC6D6023531B5F000ED6DF /* Assets.xcassets */; };
		A8FC6D6423531B5F000ED6DF /* Main.storyboard in Resources */ = {isa = PBXBuildFile; fileRef = A8FC6D6223531B5F000ED6DF /* Main.storyboard */; };
/* End PBXBuildFile section */

/* Begin PBXFileReference section */
		A8F17F32235DBB2F0021E6B6 /* multArray.dylib */ = {isa = PBXFileReference; lastKnownFileType = "compiled.mach-o.dylib"; path = multArray.dylib; sourceTree = "<group>"; };
		A8F17F33235DBB2F0021E6B6 /* reverseArray.dylib */ = {isa = PBXFileReference; lastKnownFileType = "compiled.mach-o.dylib"; path = reverseArray.dylib; sourceTree = "<group>"; };
		A8FC6D5923531B5D000ED6DF /* Lab2_DynamicUI_From_DyLib.app */ = {isa = PBXFileReference; explicitFileType = wrapper.application; includeInIndex = 0; path = Lab2_DynamicUI_From_DyLib.app; sourceTree = BUILT_PRODUCTS_DIR; };
		A8FC6D5C23531B5D000ED6DF /* AppDelegate.swift */ = {isa = PBXFileReference; lastKnownFileType = sourcecode.swift; path = AppDelegate.swift; sourceTree = "<group>"; };
		A8FC6D5E23531B5D000ED6DF /* ViewController.swift */ = {isa = PBXFileReference; lastKnownFileType = sourcecode.swift; path = ViewController.swift; sourceTree = "<group>"; };
		A8FC6D6023531B5F000ED6DF /* Assets.xcassets */ = {isa = PBXFileReference; lastKnownFileType = folder.assetcatalog; path = Assets.xcassets; sourceTree = "<group>"; };
		A8FC6D6323531B5F000ED6DF /* Base */ = {isa = PBXFileReference; lastKnownFileType = file.storyboard; name = Base; path = Base.lproj/Main.storyboard; sourceTree = "<group>"; };
		A8FC6D6523531B5F000ED6DF /* Info.plist */ = {isa = PBXFileReference; lastKnownFileType = text.plist.xml; path = Info.plist; sourceTree = "<group>"; };
		A8FC6D6623531B5F000ED6DF /* Lab2_DynamicUI_From_DyLib.entitlements */ = {isa = PBXFileReference; lastKnownFileType = text.plist.entitlements; path = Lab2_DynamicUI_From_DyLib.entitlements; sourceTree = "<group>"; };
/* End PBXFileReference section */

/* Begin PBXFrameworksBuildPhase section */
		A8FC6D5623531B5D000ED6DF /* Frameworks */ = {
			isa = PBXFrameworksBuildPhase;
			buildActionMask = 2147483647;
			files = (
				A8F17F34235DBB2F0021E6B6 /* multArray.dylib in Frameworks */,
				A8F17F35235DBB2F0021E6B6 /* reverseArray.dylib in Frameworks */,
			);
			runOnlyForDeploymentPostprocessing = 0;
		};
/* End PBXFrameworksBuildPhase section */

/* Begin PBXGroup section */
		A8FC6D5023531B5D000ED6DF = {
			isa = PBXGroup;
			children = (
				A8FC6D5B23531B5D000ED6DF /* Lab2_DynamicUI_From_DyLib */,
				A8FC6D5A23531B5D000ED6DF /* Products */,
				A8F17F32235DBB2F0021E6B6 /* multArray.dylib */,
				A8F17F33235DBB2F0021E6B6 /* reverseArray.dylib */,
			);
			sourceTree = "<group>";
		};
		A8FC6D5A23531B5D000ED6DF /* Products */ = {
			isa = PBXGroup;
			children = (
				A8FC6D5923531B5D000ED6DF /* Lab2_DynamicUI_From_DyLib.app */,
			);
			name = Products;
			sourceTree = "<group>";
		};
		A8FC6D5B23531B5D000ED6DF /* Lab2_DynamicUI_From_DyLib */ = {
			isa = PBXGroup;
			children = (
				A8FC6D5C23531B5D000ED6DF /* AppDelegate.swift */,
				A8FC6D5E23531B5D000ED6DF /* ViewController.swift */,
				A8FC6D6023531B5F000ED6DF /* Assets.xcassets */,
				A8FC6D6223531B5F000ED6DF /* Main.storyboard */,
				A8FC6D6523531B5F000ED6DF /* Info.plist */,
				A8FC6D6623531B5F000ED6DF /* Lab2_DynamicUI_From_DyLib.entitlements */,
			);
			path = Lab2_DynamicUI_From_DyLib;
			sourceTree = "<group>";
		};
/* End PBXGroup section */

/* Begin PBXNativeTarget section */
		A8FC6D5823531B5D000ED6DF /* Lab2_DynamicUI_From_DyLib */ = {
			isa = PBXNativeTarget;
			buildConfigurationList = A8FC6D6923531B5F000ED6DF /* Build configuration list for PBXNativeTarget "Lab2_DynamicUI_From_DyLib" */;
			buildPhases = (
				A8FC6D5523531B5D000ED6DF /* Sources */,
				A8FC6D5623531B5D000ED6DF /* Frameworks */,
				A8FC6D5723531B5D000ED6DF /* Resources */,
			);
			buildRules = (
			);
			dependencies = (
			);
			name = Lab2_DynamicUI_From_DyLib;
			productName = Lab2_DynamicUI_From_DyLib;
			productReference = A8FC6D5923531B5D000ED6DF /* Lab2_DynamicUI_From_DyLib.app */;
			productType = "com.apple.product-type.application";
		};
/* End PBXNativeTarget section */

/* Begin PBXProject section */
		A8FC6D5123531B5D000ED6DF /* Project object */ = {
			isa = PBXProject;
			attributes = {
				LastSwiftUpdateCheck = 1110;
				LastUpgradeCheck = 1110;
				ORGANIZATIONNAME = Alexandr;
				TargetAttributes = {
					A8FC6D5823531B5D000ED6DF = {
						CreatedOnToolsVersion = 11.1;
					};
				};
			};
			buildConfigurationList = A8FC6D5423531B5D000ED6DF /* Build configuration list for PBXProject "Lab2_DynamicUI_From_DyLib" */;
			compatibilityVersion = "Xcode 9.3";
			developmentRegion = en;
			hasScannedForEncodings = 0;
			knownRegions = (
				en,
				Base,
			);
			mainGroup = A8FC6D5023531B5D000ED6DF;
			productRefGroup = A8FC6D5A23531B5D000ED6DF /* Products */;
			projectDirPath = "";
			projectRoot = "";
			targets = (
				A8FC6D5823531B5D000ED6DF /* Lab2_DynamicUI_From_DyLib */,
			);
		};
/* End PBXProject section */

/* Begin PBXResourcesBuildPhase section */
		A8FC6D5723531B5D000ED6DF /* Resources */ = {
			isa = PBXResourcesBuildPhase;
			buildActionMask = 2147483647;
			files = (
				A8FC6D6123531B5F000ED6DF /* Assets.xcassets in Resources */,
				A8FC6D6423531B5F000ED6DF /* Main.storyboard in Resources */,
			);
			runOnlyForDeploymentPostprocessing = 0;
		};
/* End PBXResourcesBuildPhase section */

/* Begin PBXSourcesBuildPhase section */
		A8FC6D5523531B5D000ED6DF /* Sources */ = {
			isa = PBXSourcesBuildPhase;
			buildActionMask = 2147483647;
			files = (
				A8FC6D5F23531B5D000ED6DF /* ViewController.swift in Sources */,
				A8FC6D5D23531B5D000ED6DF /* AppDelegate.swift in Sources */,
			);
			runOnlyForDeploymentPostprocessing = 0;
		};
/* End PBXSourcesBuildPhase section */

/* Begin PBXVariantGroup section */
		A8FC6D6223531B5F000ED6DF /* Main.storyboard */ = {
			isa = PBXVariantGroup;
			children = (
				A8FC6D6323531B5F000ED6DF /* Base */,
			);
			name = Main.storyboard;
			sourceTree = "<group>";
		};
/* End PBXVariantGroup section */

/* Begin XCBuildConfiguration section */
		A8FC6D6723531B5F000ED6DF /* Debug */ = {
			isa = XCBuildConfiguration;
			buildSettings = {
				ALWAYS_SEARCH_USER_PATHS = NO;
				CLANG_ANALYZER_NONNULL = YES;
				CLANG_ANALYZER_NUMBER_OBJECT_CONVERSION = YES_AGGRESSIVE;
				CLANG_CXX_LANGUAGE_STANDARD = "gnu++14";
				CLANG_CXX_LIBRARY = "libc++";
				CLANG_ENABLE_MODULES = YES;
				CLANG_ENABLE_OBJC_ARC = YES;
				CLANG_ENABLE_OBJC_WEAK = YES;
				CLANG_WARN_BLOCK_CAPTURE_AUTORELEASING = YES;
				CLANG_WARN_BOOL_CONVERSION = YES;
				CLANG_WARN_COMMA = YES;
				CLANG_WARN_CONSTANT_CONVERSION = YES;
				CLANG_WARN_DEPRECATED_OBJC_IMPLEMENTATIONS = YES;
				CLANG_WARN_DIRECT_OBJC_ISA_USAGE = YES_ERROR;
				CLANG_WARN_DOCUMENTATION_COMMENTS = YES;
				CLANG_WARN_EMPTY_BODY = YES;
				CLANG_WARN_ENUM_CONVERSION = YES;
				CLANG_WARN_INFINITE_RECURSION = YES;
				CLANG_WARN_INT_CONVERSION = YES;
				CLANG_WARN_NON_LITERAL_NULL_CONVERSION = YES;
				CLANG_WARN_OBJC_IMPLICIT_RETAIN_SELF = YES;
				CLANG_WARN_OBJC_LITERAL_CONVERSION = YES;
				CLANG_WARN_OBJC_ROOT_CLASS = YES_ERROR;
				CLANG_WARN_RANGE_LOOP_ANALYSIS = YES;
				CLANG_WARN_STRICT_PROTOTYPES = YES;
				CLANG_WARN_SUSPICIOUS_MOVE = YES;
				CLANG_WARN_UNGUARDED_AVAILABILITY = YES_AGGRESSIVE;
				CLANG_WARN_UNREACHABLE_CODE = YES;
				CLANG_WARN__DUPLICATE_METHOD_MATCH = YES;
				COPY_PHASE_STRIP = NO;
				DEBUG_INFORMATION_FORMAT = dwarf;
				ENABLE_STRICT_OBJC_MSGSEND = YES;
				ENABLE_TESTABILITY = YES;
				GCC_C_LANGUAGE_STANDARD = gnu11;
				GCC_DYNAMIC_NO_PIC = NO;
				GCC_NO_COMMON_BLOCKS = YES;
				GCC_OPTIMIZATION_LEVEL = 0;
				GCC_PREPROCESSOR_DEFINITIONS = (
					"DEBUG=1",
					"$(inherited)",
				);
				GCC_WARN_64_TO_32_BIT_CONVERSION = YES;
				GCC_WARN_ABOUT_RETURN_TYPE = YES_ERROR;
				GCC_WARN_UNDECLARED_SELECTOR = YES;
				GCC_WARN_UNINITIALIZED_AUTOS = YES_AGGRESSIVE;
				GCC_WARN_UNUSED_FUNCTION = YES;
				GCC_WARN_UNUSED_VARIABLE = YES;
				MACOSX_DEPLOYMENT_TARGET = 10.15;
				MTL_ENABLE_DEBUG_INFO = INCLUDE_SOURCE;
				MTL_FAST_MATH = YES;
				ONLY_ACTIVE_ARCH = YES;
				SDKROOT = macosx;
				SWIFT_ACTIVE_COMPILATION_CONDITIONS = DEBUG;
				SWIFT_OPTIMIZATION_LEVEL = "-Onone";
			};
			name = Debug;
		};
		A8FC6D6823531B5F000ED6DF /* Release */ = {
			isa = XCBuildConfiguration;
			buildSettings = {
				ALWAYS_SEARCH_USER_PATHS = NO;
				CLANG_ANALYZER_NONNULL = YES;
				CLANG_ANALYZER_NUMBER_OBJECT_CONVERSION = YES_AGGRESSIVE;
				CLANG_CXX_LANGUAGE_STANDARD = "gnu++14";
				CLANG_CXX_LIBRARY = "libc++";
				CLANG_ENABLE_MODULES = YES;
				CLANG_ENABLE_OBJC_ARC = YES;
				CLANG_ENABLE_OBJC_WEAK = YES;
				CLANG_WARN_BLOCK_CAPTURE_AUTORELEASING = YES;
				CLANG_WARN_BOOL_CONVERSION = YES;
				CLANG_WARN_COMMA = YES;
				CLANG_WARN_CONSTANT_CONVERSION = YES;
				CLANG_WARN_DEPRECATED_OBJC_IMPLEMENTATIONS = YES;
				CLANG_WARN_DIRECT_OBJC_ISA_USAGE = YES_ERROR;
				CLANG_WARN_DOCUMENTATION_COMMENTS = YES;
				CLANG_WARN_EMPTY_BODY = YES;
				CLANG_WARN_ENUM_CONVERSION = YES;
				CLANG_WARN_INFINITE_RECURSION = YES;
				CLANG_WARN_INT_CONVERSION = YES;
				CLANG_WARN_NON_LITERAL_NULL_CONVERSION = YES;
				CLANG_WARN_OBJC_IMPLICIT_RETAIN_SELF = YES;
				CLANG_WARN_OBJC_LITERAL_CONVERSION = YES;
				CLANG_WARN_OBJC_ROOT_CLASS = YES_ERROR;
				CLANG_WARN_RANGE_LOOP_ANALYSIS = YES;
				CLANG_WARN_STRICT_PROTOTYPES = YES;
				CLANG_WARN_SUSPICIOUS_MOVE = YES;
				CLANG_WARN_UNGUARDED_AVAILABILITY = YES_AGGRESSIVE;
				CLANG_WARN_UNREACHABLE_CODE = YES;
				CLANG_WARN__DUPLICATE_METHOD_MATCH = YES;
				COPY_PHASE_STRIP = NO;
				DEBUG_INFORMATION_FORMAT = "dwarf-with-dsym";
				ENABLE_NS_ASSERTIONS = NO;
				ENABLE_STRICT_OBJC_MSGSEND = YES;
				GCC_C_LANGUAGE_STANDARD = gnu11;
				GCC_NO_COMMON_BLOCKS = YES;
				GCC_WARN_64_TO_32_BIT_CONVERSION = YES;
				GCC_WARN_ABOUT_RETURN_TYPE = YES_ERROR;
				GCC_WARN_UNDECLARED_SELECTOR = YES;
				GCC_WARN_UNINITIALIZED_AUTOS = YES_AGGRESSIVE;
				GCC_WARN_UNUSED_FUNCTION = YES;
				GCC_WARN_UNUSED_VARIABLE = YES;
				MACOSX_DEPLOYMENT_TARGET = 10.15;
				MTL_ENABLE_DEBUG_INFO = NO;
				MTL_FAST_MATH = YES;
				SDKROOT = macosx;
				SWIFT_COMPILATION_MODE = wholemodule;
				SWIFT_OPTIMIZATION_LEVEL = "-O";
			};
			name = Release;
		};
		A8FC6D6A23531B5F000ED6DF /* Debug */ = {
			isa = XCBuildConfiguration;
			buildSettings = {
				ASSETCATALOG_COMPILER_APPICON_NAME = AppIcon;
				CODE_SIGN_ENTITLEMENTS = Lab2_DynamicUI_From_DyLib/Lab2_DynamicUI_From_DyLib.entitlements;
				CODE_SIGN_IDENTITY = "Apple Development";
				CODE_SIGN_STYLE = Automatic;
				COMBINE_HIDPI_IMAGES = YES;
				DEVELOPMENT_TEAM = YG4U6S73S9;
				ENABLE_HARDENED_RUNTIME = YES;
				INFOPLIST_FILE = Lab2_DynamicUI_From_DyLib/Info.plist;
				LD_RUNPATH_SEARCH_PATHS = (
					"$(inherited)",
					"@executable_path/../Frameworks",
				);
				LIBRARY_SEARCH_PATHS = (
					"$(inherited)",
					"$(PROJECT_DIR)",
				);
				PRODUCT_BUNDLE_IDENTIFIER = "sanya.Lab2-DynamicUI-From-DyLib";
				PRODUCT_NAME = "$(TARGET_NAME)";
				SWIFT_VERSION = 5.0;
			};
			name = Debug;
		};
		A8FC6D6B23531B5F000ED6DF /* Release */ = {
			isa = XCBuildConfiguration;
			buildSettings = {
				ASSETCATALOG_COMPILER_APPICON_NAME = AppIcon;
				CODE_SIGN_ENTITLEMENTS = Lab2_DynamicUI_From_DyLib/Lab2_DynamicUI_From_DyLib.entitlements;
				CODE_SIGN_IDENTITY = "Apple Development";
				CODE_SIGN_STYLE = Automatic;
				COMBINE_HIDPI_IMAGES = YES;
				DEVELOPMENT_TEAM = YG4U6S73S9;
				ENABLE_HARDENED_RUNTIME = YES;
				INFOPLIST_FILE = Lab2_DynamicUI_From_DyLib/Info.plist;
				LD_RUNPATH_SEARCH_PATHS = (
					"$(inherited)",
					"@executable_path/../Frameworks",
				);
				LIBRARY_SEARCH_PATHS = (
					"$(inherited)",
					"$(PROJECT_DIR)",
				);
				PRODUCT_BUNDLE_IDENTIFIER = "sanya.Lab2-DynamicUI-From-DyLib";
				PRODUCT_NAME = "$(TARGET_NAME)";
				SWIFT_VERSION = 5.0;
			};
			name = Release;
		};
/* End XCBuildConfiguration section */

/* Begin XCConfigurationList section */
		A8FC6D5423531B5D000ED6DF /* Build configuration list for PBXProject "Lab2_DynamicUI_From_DyLib" */ = {
			isa = XCConfigurationList;
			buildConfigurations = (
				A8FC6D6723531B5F000ED6DF /* Debug */,
				A8FC6D6823531B5F000ED6DF /* Release */,
			);
			defaultConfigurationIsVisible = 0;
			defaultConfigurationName = Release;
		};
		A8FC6D6923531B5F000ED6DF /* Build configuration list for PBXNativeTarget "Lab2_DynamicUI_From_DyLib" */ = {
			isa = XCConfigurationList;
			buildConfigurations = (
				A8FC6D6A23531B5F000ED6DF /* Debug */,
				A8FC6D6B23531B5F000ED6DF /* Release */,
			);
			defaultConfigurationIsVisible = 0;
			defaultConfigurationName = Release;
		};
/* End XCConfigurationList section */
	};
	rootObject = A8FC6D5123531B5D000ED6DF /* Project object */;
}
